// !$*UTF8*$!
{
	archiveVersion = 1;
	classes = {
	};
	objectVersion = 48;
	objects = {

/* Begin PBXBuildFile section */
		AFD1CAB01F783A1000AA16FE /* AppDelegate.swift in Sources */ = {isa = PBXBuildFile; fileRef = AFD1CAAF1F783A1000AA16FE /* AppDelegate.swift */; };
		AFD1CAB51F783A1000AA16FE /* Main.storyboard in Resources */ = {isa = PBXBuildFile; fileRef = AFD1CAB31F783A1000AA16FE /* Main.storyboard */; };
		AFD1CAB71F783A1000AA16FE /* Assets.xcassets in Resources */ = {isa = PBXBuildFile; fileRef = AFD1CAB61F783A1000AA16FE /* Assets.xcassets */; };
		AFD1CABA1F783A1000AA16FE /* LaunchScreen.storyboard in Resources */ = {isa = PBXBuildFile; fileRef = AFD1CAB81F783A1000AA16FE /* LaunchScreen.storyboard */; };
		AFD1CAC21F783A3F00AA16FE /* FlowerClassifer.mlmodel in Sources */ = {isa = PBXBuildFile; fileRef = AFD1CAC11F783A3B00AA16FE /* FlowerClassifer.mlmodel */; };
		AFDD30391F79052300BD5770 /* ViewController.swift in Sources */ = {isa = PBXBuildFile; fileRef = AFD1CAB11F783A1000AA16FE /* ViewController.swift */; };
/* End PBXBuildFile section */

/* Begin PBXFileReference section */
		1BC141CD6B05AE39B22D8BE3 /* Pods-FlowerRecognizer.release.xcconfig */ = {isa = PBXFileReference; includeInIndex = 1; lastKnownFileType = text.xcconfig; name = "Pods-FlowerRecognizer.release.xcconfig"; path = "Pods/Target Support Files/Pods-FlowerRecognizer/Pods-FlowerRecognizer.release.xcconfig"; sourceTree = "<group>"; };
		612DC38168E1F9440D3AD35E /* Pods_FlowerRecognizer.framework */ = {isa = PBXFileReference; explicitFileType = wrapper.framework; includeInIndex = 0; path = Pods_FlowerRecognizer.framework; sourceTree = BUILT_PRODUCTS_DIR; };
		AFD1CAAC1F783A1000AA16FE /* FlowerRecognizer.app */ = {isa = PBXFileReference; explicitFileType = wrapper.application; includeInIndex = 0; path = FlowerRecognizer.app; sourceTree = BUILT_PRODUCTS_DIR; };
		AFD1CAAF1F783A1000AA16FE /* AppDelegate.swift */ = {isa = PBXFileReference; lastKnownFileType = sourcecode.swift; path = AppDelegate.swift; sourceTree = "<group>"; };
		AFD1CAB11F783A1000AA16FE /* ViewController.swift */ = {isa = PBXFileReference; lastKnownFileType = sourcecode.swift; path = ViewController.swift; sourceTree = "<group>"; };
		AFD1CAB41F783A1000AA16FE /* Base */ = {isa = PBXFileReference; lastKnownFileType = file.storyboard; name = Base; path = Base.lproj/Main.storyboard; sourceTree = "<group>"; };
		AFD1CAB61F783A1000AA16FE /* Assets.xcassets */ = {isa = PBXFileReference; lastKnownFileType = folder.assetcatalog; path = Assets.xcassets; sourceTree = "<group>"; };
		AFD1CAB91F783A1000AA16FE /* Base */ = {isa = PBXFileReference; lastKnownFileType = file.storyboard; name = Base; path = Base.lproj/LaunchScreen.storyboard; sourceTree = "<group>"; };
		AFD1CABB1F783A1000AA16FE /* Info.plist */ = {isa = PBXFileReference; lastKnownFileType = text.plist.xml; path = Info.plist; sourceTree = "<group>"; };
		AFD1CAC11F783A3B00AA16FE /* FlowerClassifer.mlmodel */ = {isa = PBXFileReference; lastKnownFileType = file.mlmodel; path = FlowerClassifer.mlmodel; sourceTree = "<group>"; };
		B634DDB51103CC789269D458 /* Pods-FlowerRecognizer.debug.xcconfig */ = {isa = PBXFileReference; includeInIndex = 1; lastKnownFileType = text.xcconfig; name = "Pods-FlowerRecognizer.debug.xcconfig"; path = "Pods/Target Support Files/Pods-FlowerRecognizer/Pods-FlowerRecognizer.debug.xcconfig"; sourceTree = "<group>"; };
/* End PBXFileReference section */

/* Begin PBXFrameworksBuildPhase section */
		AFD1CAA91F783A1000AA16FE /* Frameworks */ = {
			isa = PBXFrameworksBuildPhase;
			buildActionMask = 2147483647;
			files = (
			);
			runOnlyForDeploymentPostprocessing = 0;
		};
/* End PBXFrameworksBuildPhase section */

/* Begin PBXGroup section */
		48C47DFA2A69F037A106641C /* Frameworks */ = {
			isa = PBXGroup;
			children = (
				612DC38168E1F9440D3AD35E /* Pods_FlowerRecognizer.framework */,
			);
			name = Frameworks;
			sourceTree = "<group>";
		};
		AF39B35EEF1903C10C7B6C45 /* Pods */ = {
			isa = PBXGroup;
			children = (
				B634DDB51103CC789269D458 /* Pods-FlowerRecognizer.debug.xcconfig */,
				1BC141CD6B05AE39B22D8BE3 /* Pods-FlowerRecognizer.release.xcconfig */,
			);
			name = Pods;
			sourceTree = "<group>";
		};
		AFD1CAA31F783A1000AA16FE = {
			isa = PBXGroup;
			children = (
				AFD1CAAE1F783A1000AA16FE /* FlowerRecognizer */,
				AFD1CAAD1F783A1000AA16FE /* Products */,
				AF39B35EEF1903C10C7B6C45 /* Pods */,
				48C47DFA2A69F037A106641C /* Frameworks */,
			);
			sourceTree = "<group>";
		};
		AFD1CAAD1F783A1000AA16FE /* Products */ = {
			isa = PBXGroup;
			children = (
				AFD1CAAC1F783A1000AA16FE /* FlowerRecognizer.app */,
			);
			name = Products;
			sourceTree = "<group>";
		};
		AFD1CAAE1F783A1000AA16FE /* FlowerRecognizer */ = {
			isa = PBXGroup;
			children = (
				AFD1CAAF1F783A1000AA16FE /* AppDelegate.swift */,
				AFD1CAB11F783A1000AA16FE /* ViewController.swift */,
				AFD1CAB31F783A1000AA16FE /* Main.storyboard */,
				AFD1CAB61F783A1000AA16FE /* Assets.xcassets */,
				AFD1CAB81F783A1000AA16FE /* LaunchScreen.storyboard */,
				AFD1CABB1F783A1000AA16FE /* Info.plist */,
				AFD1CAC11F783A3B00AA16FE /* FlowerClassifer.mlmodel */,
			);
			path = FlowerRecognizer;
			sourceTree = "<group>";
		};
/* End PBXGroup section */

/* Begin PBXNativeTarget section */
		AFD1CAAB1F783A1000AA16FE /* FlowerRecognizer */ = {
			isa = PBXNativeTarget;
			buildConfigurationList = AFD1CABE1F783A1000AA16FE /* Build configuration list for PBXNativeTarget "FlowerRecognizer" */;
			buildPhases = (
				755CC195A5FAED22B959642C /* [CP] Check Pods Manifest.lock */,
				AFD1CAA81F783A1000AA16FE /* Sources */,
				AFD1CAA91F783A1000AA16FE /* Frameworks */,
				AFD1CAAA1F783A1000AA16FE /* Resources */,
				A4AC9933CA3607B97430CA75 /* [CP] Embed Pods Frameworks */,
				F5221D7FAE718E4F0C2E0FCC /* [CP] Copy Pods Resources */,
			);
			buildRules = (
			);
			dependencies = (
			);
			name = FlowerRecognizer;
			productName = FlowerRecognizer;
			productReference = AFD1CAAC1F783A1000AA16FE /* FlowerRecognizer.app */;
			productType = "com.apple.product-type.application";
		};
/* End PBXNativeTarget section */

/* Begin PBXProject section */
		AFD1CAA41F783A1000AA16FE /* Project object */ = {
			isa = PBXProject;
			attributes = {
				LastSwiftUpdateCheck = 0900;
				LastUpgradeCheck = 0900;
				ORGANIZATIONNAME = Master;
				TargetAttributes = {
					AFD1CAAB1F783A1000AA16FE = {
						CreatedOnToolsVersion = 9.0;
						ProvisioningStyle = Automatic;
					};
				};
			};
			buildConfigurationList = AFD1CAA71F783A1000AA16FE /* Build configuration list for PBXProject "FlowerRecognizer" */;
			compatibilityVersion = "Xcode 8.0";
			developmentRegion = en;
			hasScannedForEncodings = 0;
			knownRegions = (
				en,
				Base,
			);
			mainGroup = AFD1CAA31F783A1000AA16FE;
			productRefGroup = AFD1CAAD1F783A1000AA16FE /* Products */;
			projectDirPath = "";
			projectRoot = "";
			targets = (
				AFD1CAAB1F783A1000AA16FE /* FlowerRecognizer */,
			);
		};
/* End PBXProject section */

/* Begin PBXResourcesBuildPhase section */
		AFD1CAAA1F783A1000AA16FE /* Resources */ = {
			isa = PBXResourcesBuildPhase;
			buildActionMask = 2147483647;
			files = (
				AFD1CABA1F783A1000AA16FE /* LaunchScreen.storyboard in Resources */,
				AFD1CAB71F783A1000AA16FE /* Assets.xcassets in Resources */,
				AFD1CAB51F783A1000AA16FE /* Main.storyboard in Resources */,
			);
			runOnlyForDeploymentPostprocessing = 0;
		};
/* End PBXResourcesBuildPhase section */

/* Begin PBXShellScriptBuildPhase section */
		755CC195A5FAED22B959642C /* [CP] Check Pods Manifest.lock */ = {
			isa = PBXShellScriptBuildPhase;
			buildActionMask = 2147483647;
			files = (
			);
			inputPaths = (
				"${PODS_PODFILE_DIR_PATH}/Podfile.lock",
				"${PODS_ROOT}/Manifest.lock",
			);
			name = "[CP] Check Pods Manifest.lock";
			outputPaths = (
				"$(DERIVED_FILE_DIR)/Pods-FlowerRecognizer-checkManifestLockResult.txt",
			);
			runOnlyForDeploymentPostprocessing = 0;
			shellPath = /bin/sh;
			shellScript = "diff \"${PODS_PODFILE_DIR_PATH}/Podfile.lock\" \"${PODS_ROOT}/Manifest.lock\" > /dev/null\nif [ $? != 0 ] ; then\n    # print error to STDERR\n    echo \"error: The sandbox is not in sync with the Podfile.lock. Run 'pod install' or update your CocoaPods installation.\" >&2\n    exit 1\nfi\n# This output is used by Xcode 'outputs' to avoid re-running this script phase.\necho \"SUCCESS\" > \"${SCRIPT_OUTPUT_FILE_0}\"\n";
			showEnvVarsInLog = 0;
		};
		A4AC9933CA3607B97430CA75 /* [CP] Embed Pods Frameworks */ = {
			isa = PBXShellScriptBuildPhase;
			buildActionMask = 2147483647;
			files = (
			);
			inputPaths = (
				"${SRCROOT}/Pods/Target Support Files/Pods-FlowerRecognizer/Pods-FlowerRecognizer-frameworks.sh",
				"${BUILT_PRODUCTS_DIR}/Alamofire/Alamofire.framework",
				"${BUILT_PRODUCTS_DIR}/SwiftyJSON/SwiftyJSON.framework",
			);
			name = "[CP] Embed Pods Frameworks";
			outputPaths = (
				"${TARGET_BUILD_DIR}/${FRAMEWORKS_FOLDER_PATH}/Alamofire.framework",
				"${TARGET_BUILD_DIR}/${FRAMEWORKS_FOLDER_PATH}/SwiftyJSON.framework",
			);
			runOnlyForDeploymentPostprocessing = 0;
			shellPath = /bin/sh;
			shellScript = "\"${SRCROOT}/Pods/Target Support Files/Pods-FlowerRecognizer/Pods-FlowerRecognizer-frameworks.sh\"\n";
			showEnvVarsInLog = 0;
		};
		F5221D7FAE718E4F0C2E0FCC /* [CP] Copy Pods Resources */ = {
			isa = PBXShellScriptBuildPhase;
			buildActionMask = 2147483647;
			files = (
			);
			inputPaths = (
			);
			name = "[CP] Copy Pods Resources";
			outputPaths = (
			);
			runOnlyForDeploymentPostprocessing = 0;
			shellPath = /bin/sh;
			shellScript = "\"${SRCROOT}/Pods/Target Support Files/Pods-FlowerRecognizer/Pods-FlowerRecognizer-resources.sh\"\n";
			showEnvVarsInLog = 0;
		};
/* End PBXShellScriptBuildPhase section */

/* Begin PBXSourcesBuildPhase section */
		AFD1CAA81F783A1000AA16FE /* Sources */ = {
			isa = PBXSourcesBuildPhase;
			buildActionMask = 2147483647;
			files = (
				AFDD30391F79052300BD5770 /* ViewController.swift in Sources */,
				AFD1CAC21F783A3F00AA16FE /* FlowerClassifer.mlmodel in Sources */,
				AFD1CAB01F783A1000AA16FE /* AppDelegate.swift in Sources */,
			);
			runOnlyForDeploymentPostprocessing = 0;
		};
/* End PBXSourcesBuildPhase section */

/* Begin PBXVariantGroup section */
		AFD1CAB31F783A1000AA16FE /* Main.storyboard */ = {
			isa = PBXVariantGroup;
			children = (
				AFD1CAB41F783A1000AA16FE /* Base */,
			);
			name = Main.storyboard;
			sourceTree = "<group>";
		};
		AFD1CAB81F783A1000AA16FE /* LaunchScreen.storyboard */ = {
			isa = PBXVariantGroup;
			children = (
				AFD1CAB91F783A1000AA16FE /* Base */,
			);
			name = LaunchScreen.storyboard;
			sourceTree = "<group>";
		};
/* End PBXVariantGroup section */

/* Begin XCBuildConfiguration section */
		AFD1CABC1F783A1000AA16FE /* Debug */ = {
			isa = XCBuildConfiguration;
			buildSettings = {
				ALWAYS_SEARCH_USER_PATHS = NO;
				CLANG_ANALYZER_NONNULL = YES;
				CLANG_ANALYZER_NUMBER_OBJECT_CONVERSION = YES_AGGRESSIVE;
				CLANG_CXX_LANGUAGE_STANDARD = "gnu++14";
				CLANG_CXX_LIBRARY = "libc++";
				CLANG_ENABLE_MODULES = YES;
				CLANG_ENABLE_OBJC_ARC = YES;
				CLANG_WARN_BLOCK_CAPTURE_AUTORELEASING = YES;
				CLANG_WARN_BOOL_CONVERSION = YES;
				CLANG_WARN_COMMA = YES;
				CLANG_WARN_CONSTANT_CONVERSION = YES;
				CLANG_WARN_DIRECT_OBJC_ISA_USAGE = YES_ERROR;
				CLANG_WARN_DOCUMENTATION_COMMENTS = YES;
				CLANG_WARN_EMPTY_BODY = YES;
				CLANG_WARN_ENUM_CONVERSION = YES;
				CLANG_WARN_INFINITE_RECURSION = YES;
				CLANG_WARN_INT_CONVERSION = YES;
				CLANG_WARN_NON_LITERAL_NULL_CONVERSION = YES;
				CLANG_WARN_OBJC_LITERAL_CONVERSION = YES;
				CLANG_WARN_OBJC_ROOT_CLASS = YES_ERROR;
				CLANG_WARN_RANGE_LOOP_ANALYSIS = YES;
				CLANG_WARN_STRICT_PROTOTYPES = YES;
				CLANG_WARN_SUSPICIOUS_MOVE = YES;
				CLANG_WARN_UNGUARDED_AVAILABILITY = YES_AGGRESSIVE;
				CLANG_WARN_UNREACHABLE_CODE = YES;
				CLANG_WARN__DUPLICATE_METHOD_MATCH = YES;
				CODE_SIGN_IDENTITY = "iPhone Developer";
				COPY_PHASE_STRIP = NO;
				DEBUG_INFORMATION_FORMAT = dwarf;
				ENABLE_STRICT_OBJC_MSGSEND = YES;
				ENABLE_TESTABILITY = YES;
				GCC_C_LANGUAGE_STANDARD = gnu11;
				GCC_DYNAMIC_NO_PIC = NO;
				GCC_NO_COMMON_BLOCKS = YES;
				GCC_OPTIMIZATION_LEVEL = 0;
				GCC_PREPROCESSOR_DEFINITIONS = (
					"DEBUG=1",
					"$(inherited)",
				);
				GCC_WARN_64_TO_32_BIT_CONVERSION = YES;
				GCC_WARN_ABOUT_RETURN_TYPE = YES_ERROR;
				GCC_WARN_UNDECLARED_SELECTOR = YES;
				GCC_WARN_UNINITIALIZED_AUTOS = YES_AGGRESSIVE;
				GCC_WARN_UNUSED_FUNCTION = YES;
				GCC_WARN_UNUSED_VARIABLE = YES;
				IPHONEOS_DEPLOYMENT_TARGET = 11.0;
				MTL_ENABLE_DEBUG_INFO = YES;
				ONLY_ACTIVE_ARCH = YES;
				SDKROOT = iphoneos;
				SWIFT_ACTIVE_COMPILATION_CONDITIONS = DEBUG;
				SWIFT_OPTIMIZATION_LEVEL = "-Onone";
			};
			name = Debug;
		};
		AFD1CABD1F783A1000AA16FE /* Release */ = {
			isa = XCBuildConfiguration;
			buildSettings = {
				ALWAYS_SEARCH_USER_PATHS = NO;
				CLANG_ANALYZER_NONNULL = YES;
				CLANG_ANALYZER_NUMBER_OBJECT_CONVERSION = YES_AGGRESSIVE;
				CLANG_CXX_LANGUAGE_STANDARD = "gnu++14";
				CLANG_CXX_LIBRARY = "libc++";
				CLANG_ENABLE_MODULES = YES;
				CLANG_ENABLE_OBJC_ARC = YES;
				CLANG_WARN_BLOCK_CAPTURE_AUTORELEASING = YES;
				CLANG_WARN_BOOL_CONVERSION = YES;
				CLANG_WARN_COMMA = YES;
				CLANG_WARN_CONSTANT_CONVERSION = YES;
				CLANG_WARN_DIRECT_OBJC_ISA_USAGE = YES_ERROR;
				CLANG_WARN_DOCUMENTATION_COMMENTS = YES;
				CLANG_WARN_EMPTY_BODY = YES;
				CLANG_WARN_ENUM_CONVERSION = YES;
				CLANG_WARN_INFINITE_RECURSION = YES;
				CLANG_WARN_INT_CONVERSION = YES;
				CLANG_WARN_NON_LITERAL_NULL_CONVERSION = YES;
				CLANG_WARN_OBJC_LITERAL_CONVERSION = YES;
				CLANG_WARN_OBJC_ROOT_CLASS = YES_ERROR;
				CLANG_WARN_RANGE_LOOP_ANALYSIS = YES;
				CLANG_WARN_STRICT_PROTOTYPES = YES;
				CLANG_WARN_SUSPICIOUS_MOVE = YES;
				CLANG_WARN_UNGUARDED_AVAILABILITY = YES_AGGRESSIVE;
				CLANG_WARN_UNREACHABLE_CODE = YES;
				CLANG_WARN__DUPLICATE_METHOD_MATCH = YES;
				CODE_SIGN_IDENTITY = "iPhone Developer";
				COPY_PHASE_STRIP = NO;
				DEBUG_INFORMATION_FORMAT = "dwarf-with-dsym";
				ENABLE_NS_ASSERTIONS = NO;
				ENABLE_STRICT_OBJC_MSGSEND = YES;
				GCC_C_LANGUAGE_STANDARD = gnu11;
				GCC_NO_COMMON_BLOCKS = YES;
				GCC_WARN_64_TO_32_BIT_CONVERSION = YES;
				GCC_WARN_ABOUT_RETURN_TYPE = YES_ERROR;
				GCC_WARN_UNDECLARED_SELECTOR = YES;
				GCC_WARN_UNINITIALIZED_AUTOS = YES_AGGRESSIVE;
				GCC_WARN_UNUSED_FUNCTION = YES;
				GCC_WARN_UNUSED_VARIABLE = YES;
				IPHONEOS_DEPLOYMENT_TARGET = 11.0;
				MTL_ENABLE_DEBUG_INFO = NO;
				SDKROOT = iphoneos;
				SWIFT_OPTIMIZATION_LEVEL = "-Owholemodule";
				VALIDATE_PRODUCT = YES;
			};
			name = Release;
		};
		AFD1CABF1F783A1000AA16FE /* Debug */ = {
			isa = XCBuildConfiguration;
			baseConfigurationReference = B634DDB51103CC789269D458 /* Pods-FlowerRecognizer.debug.xcconfig */;
			buildSettings = {
				ASSETCATALOG_COMPILER_APPICON_NAME = AppIcon;
				CODE_SIGN_STYLE = Automatic;
				DEVELOPMENT_TEAM = Y3S4XEY9DM;
				INFOPLIST_FILE = FlowerRecognizer/Info.plist;
				LD_RUNPATH_SEARCH_PATHS = "$(inherited) @executable_path/Frameworks";
				PRODUCT_BUNDLE_IDENTIFIER = com.chaospredictor.FlowerRecognizer;
				PRODUCT_NAME = "$(TARGET_NAME)";
				SWIFT_VERSION = 4.0;
				TARGETED_DEVICE_FAMILY = "1,2";
			};
			name = Debug;
		};
		AFD1CAC01F783A1000AA16FE /* Release */ = {
			isa = XCBuildConfiguration;
			baseConfigurationReference = 1BC141CD6B05AE39B22D8BE3 /* Pods-FlowerRecognizer.release.xcconfig */;
			buildSettings = {
				ASSETCATALOG_COMPILER_APPICON_NAME = AppIcon;
				CODE_SIGN_STYLE = Automatic;
				DEVELOPMENT_TEAM = Y3S4XEY9DM;
				INFOPLIST_FILE = FlowerRecognizer/Info.plist;
				LD_RUNPATH_SEARCH_PATHS = "$(inherited) @executable_path/Frameworks";
				PRODUCT_BUNDLE_IDENTIFIER = com.chaospredictor.FlowerRecognizer;
				PRODUCT_NAME = "$(TARGET_NAME)";
				SWIFT_VERSION = 4.0;
				TARGETED_DEVICE_FAMILY = "1,2";
			};
			name = Release;
		};
/* End XCBuildConfiguration section */

/* Begin XCConfigurationList section */
		AFD1CAA71F783A1000AA16FE /* Build configuration list for PBXProject "FlowerRecognizer" */ = {
			isa = XCConfigurationList;
			buildConfigurations = (
				AFD1CABC1F783A1000AA16FE /* Debug */,
				AFD1CABD1F783A1000AA16FE /* Release */,
			);
			defaultConfigurationIsVisible = 0;
			defaultConfigurationName = Release;
		};
		AFD1CABE1F783A1000AA16FE /* Build configuration list for PBXNativeTarget "FlowerRecognizer" */ = {
			isa = XCConfigurationList;
			buildConfigurations = (
				AFD1CABF1F783A1000AA16FE /* Debug */,
				AFD1CAC01F783A1000AA16FE /* Release */,
			);
			defaultConfigurationIsVisible = 0;
			defaultConfigurationName = Release;
		};
/* End XCConfigurationList section */
	};
	rootObject = AFD1CAA41F783A1000AA16FE /* Project object */;
}
